<?xml version="1.0" encoding="utf-8"?>
<Project ToolsVersion="17.0" xmlns="http://schemas.microsoft.com/developer/msbuild/2003">
  <ItemGroup>
    <ClCompile Include="C:\Users\Danil\Desktop\muparser-2.3.5\samples\example1\example1.cpp">
      <Filter>Source Files</Filter>
    </ClCompile>
  </ItemGroup>
  <ItemGroup>
    <CustomBuild Include="C:\Users\Danil\Desktop\muparser-2.3.5\CMakeLists.txt" />
  </ItemGroup>
  <ItemGroup>
    <Filter Include="Source Files">
      <UniqueIdentifier>{3689FE64-D881-3BE8-8C86-B8969368E6B8}</UniqueIdentifier>
    </Filter>
  </ItemGroup>
</Project>
