
Microsoft Visual Studio Solution File, Format Version 12.00
# Visual Studio Version 17
Project("{8BC9CEB8-8B4A-11D0-8D11-00A0C91BC942}") = "ALL_BUILD", "ALL_BUILD.vcxproj", "{8FE02180-9D75-3A65-B45D-D0B45171A23A}"
	ProjectSection(ProjectDependencies) = postProject
		{68BD0ACC-7F47-31F3-BC99-3631252F1558} = {68BD0ACC-7F47-31F3-BC99-3631252F1558}
		{CD84C3DF-6BD9-3DF3-A45B-8C51A5D67D37} = {CD84C3DF-6BD9-3DF3-A45B-8C51A5D67D37}
		{C3DEE0AB-E7CC-3422-A872-3D38797C53FB} = {C3DEE0AB-E7CC-3422-A872-3D38797C53FB}
		{DDAECAEF-9302-3D98-A7F9-A4F45F4675EB} = {DDAECAEF-9302-3D98-A7F9-A4F45F4675EB}
		{F6840CCF-09E6-3EB4-8DAD-8BFF471B1F0F} = {F6840CCF-09E6-3EB4-8DAD-8BFF471B1F0F}
	EndProjectSection
EndProject
Project("{8BC9CEB8-8B4A-11D0-8D11-00A0C91BC942}") = "Continuous", "Continuous.vcxproj", "{7BBC542F-361A-38BD-811E-06E08F3162C6}"
	ProjectSection(ProjectDependencies) = postProject
		{68BD0ACC-7F47-31F3-BC99-3631252F1558} = {68BD0ACC-7F47-31F3-BC99-3631252F1558}
	EndProjectSection
EndProject
Project("{8BC9CEB8-8B4A-11D0-8D11-00A0C91BC942}") = "Experimental", "Experimental.vcxproj", "{3CFB50D1-664C-3D51-B5D2-A31997890867}"
	ProjectSection(ProjectDependencies) = postProject
		{68BD0ACC-7F47-31F3-BC99-3631252F1558} = {68BD0ACC-7F47-31F3-BC99-3631252F1558}
	EndProjectSection
EndProject
Project("{8BC9CEB8-8B4A-11D0-8D11-00A0C91BC942}") = "INSTALL", "INSTALL.vcxproj", "{682FEC2F-0091-35D5-9E5E-168FF0139995}"
	ProjectSection(ProjectDependencies) = postProject
		{8FE02180-9D75-3A65-B45D-D0B45171A23A} = {8FE02180-9D75-3A65-B45D-D0B45171A23A}
		{68BD0ACC-7F47-31F3-BC99-3631252F1558} = {68BD0ACC-7F47-31F3-BC99-3631252F1558}
	EndProjectSection
EndProject
Project("{8BC9CEB8-8B4A-11D0-8D11-00A0C91BC942}") = "Nightly", "Nightly.vcxproj", "{76BE140F-C6E6-3BB7-AC75-7EDCC2EB8AAA}"
	ProjectSection(ProjectDependencies) = postProject
		{68BD0ACC-7F47-31F3-BC99-3631252F1558} = {68BD0ACC-7F47-31F3-BC99-3631252F1558}
	EndProjectSection
EndProject
Project("{8BC9CEB8-8B4A-11D0-8D11-00A0C91BC942}") = "NightlyMemoryCheck", "NightlyMemoryCheck.vcxproj", "{E0D84FD2-7E9F-3E08-BC4A-B3ADA07C3114}"
	ProjectSection(ProjectDependencies) = postProject
		{68BD0ACC-7F47-31F3-BC99-3631252F1558} = {68BD0ACC-7F47-31F3-BC99-3631252F1558}
	EndProjectSection
EndProject
Project("{8BC9CEB8-8B4A-11D0-8D11-00A0C91BC942}") = "RUN_TESTS", "RUN_TESTS.vcxproj", "{5854454A-A5DF-372C-AFE0-FB4769D17B78}"
	ProjectSection(ProjectDependencies) = postProject
		{68BD0ACC-7F47-31F3-BC99-3631252F1558} = {68BD0ACC-7F47-31F3-BC99-3631252F1558}
	EndProjectSection
EndProject
Project("{8BC9CEB8-8B4A-11D0-8D11-00A0C91BC942}") = "ZERO_CHECK", "ZERO_CHECK.vcxproj", "{68BD0ACC-7F47-31F3-BC99-3631252F1558}"
	ProjectSection(ProjectDependencies) = postProject
	EndProjectSection
EndProject
Project("{8BC9CEB8-8B4A-11D0-8D11-00A0C91BC942}") = "example1", "example1.vcxproj", "{CD84C3DF-6BD9-3DF3-A45B-8C51A5D67D37}"
	ProjectSection(ProjectDependencies) = postProject
		{68BD0ACC-7F47-31F3-BC99-3631252F1558} = {68BD0ACC-7F47-31F3-BC99-3631252F1558}
		{DDAECAEF-9302-3D98-A7F9-A4F45F4675EB} = {DDAECAEF-9302-3D98-A7F9-A4F45F4675EB}
	EndProjectSection
EndProject
Project("{8BC9CEB8-8B4A-11D0-8D11-00A0C91BC942}") = "example2", "example2.vcxproj", "{C3DEE0AB-E7CC-3422-A872-3D38797C53FB}"
	ProjectSection(ProjectDependencies) = postProject
		{68BD0ACC-7F47-31F3-BC99-3631252F1558} = {68BD0ACC-7F47-31F3-BC99-3631252F1558}
		{DDAECAEF-9302-3D98-A7F9-A4F45F4675EB} = {DDAECAEF-9302-3D98-A7F9-A4F45F4675EB}
	EndProjectSection
EndProject
Project("{8BC9CEB8-8B4A-11D0-8D11-00A0C91BC942}") = "muparser", "muparser.vcxproj", "{DDAECAEF-9302-3D98-A7F9-A4F45F4675EB}"
	ProjectSection(ProjectDependencies) = postProject
		{68BD0ACC-7F47-31F3-BC99-3631252F1558} = {68BD0ACC-7F47-31F3-BC99-3631252F1558}
	EndProjectSection
EndProject
Project("{8BC9CEB8-8B4A-11D0-8D11-00A0C91BC942}") = "t_ParserTest", "t_ParserTest.vcxproj", "{F6840CCF-09E6-3EB4-8DAD-8BFF471B1F0F}"
	ProjectSection(ProjectDependencies) = postProject
		{68BD0ACC-7F47-31F3-BC99-3631252F1558} = {68BD0ACC-7F47-31F3-BC99-3631252F1558}
		{DDAECAEF-9302-3D98-A7F9-A4F45F4675EB} = {DDAECAEF-9302-3D98-A7F9-A4F45F4675EB}
	EndProjectSection
EndProject
Global
	GlobalSection(SolutionConfigurationPlatforms) = preSolution
		Debug|x64 = Debug|x64
		Release|x64 = Release|x64
		MinSizeRel|x64 = MinSizeRel|x64
		RelWithDebInfo|x64 = RelWithDebInfo|x64
	EndGlobalSection
	GlobalSection(ProjectConfigurationPlatforms) = postSolution
		{8FE02180-9D75-3A65-B45D-D0B45171A23A}.Debug|x64.ActiveCfg = Debug|x64
		{8FE02180-9D75-3A65-B45D-D0B45171A23A}.Debug|x64.Build.0 = Debug|x64
		{8FE02180-9D75-3A65-B45D-D0B45171A23A}.Release|x64.ActiveCfg = Release|x64
		{8FE02180-9D75-3A65-B45D-D0B45171A23A}.Release|x64.Build.0 = Release|x64
		{8FE02180-9D75-3A65-B45D-D0B45171A23A}.MinSizeRel|x64.ActiveCfg = MinSizeRel|x64
		{8FE02180-9D75-3A65-B45D-D0B45171A23A}.MinSizeRel|x64.Build.0 = MinSizeRel|x64
		{8FE02180-9D75-3A65-B45D-D0B45171A23A}.RelWithDebInfo|x64.ActiveCfg = RelWithDebInfo|x64
		{8FE02180-9D75-3A65-B45D-D0B45171A23A}.RelWithDebInfo|x64.Build.0 = RelWithDebInfo|x64
		{7BBC542F-361A-38BD-811E-06E08F3162C6}.Debug|x64.ActiveCfg = Debug|x64
		{7BBC542F-361A-38BD-811E-06E08F3162C6}.Release|x64.ActiveCfg = Release|x64
		{7BBC542F-361A-38BD-811E-06E08F3162C6}.MinSizeRel|x64.ActiveCfg = MinSizeRel|x64
		{7BBC542F-361A-38BD-811E-06E08F3162C6}.RelWithDebInfo|x64.ActiveCfg = RelWithDebInfo|x64
		{3CFB50D1-664C-3D51-B5D2-A31997890867}.Debug|x64.ActiveCfg = Debug|x64
		{3CFB50D1-664C-3D51-B5D2-A31997890867}.Release|x64.ActiveCfg = Release|x64
		{3CFB50D1-664C-3D51-B5D2-A31997890867}.MinSizeRel|x64.ActiveCfg = MinSizeRel|x64
		{3CFB50D1-664C-3D51-B5D2-A31997890867}.RelWithDebInfo|x64.ActiveCfg = RelWithDebInfo|x64
		{682FEC2F-0091-35D5-9E5E-168FF0139995}.Debug|x64.ActiveCfg = Debug|x64
		{682FEC2F-0091-35D5-9E5E-168FF0139995}.Release|x64.ActiveCfg = Release|x64
		{682FEC2F-0091-35D5-9E5E-168FF0139995}.MinSizeRel|x64.ActiveCfg = MinSizeRel|x64
		{682FEC2F-0091-35D5-9E5E-168FF0139995}.RelWithDebInfo|x64.ActiveCfg = RelWithDebInfo|x64
		{76BE140F-C6E6-3BB7-AC75-7EDCC2EB8AAA}.Debug|x64.ActiveCfg = Debug|x64
		{76BE140F-C6E6-3BB7-AC75-7EDCC2EB8AAA}.Release|x64.ActiveCfg = Release|x64
		{76BE140F-C6E6-3BB7-AC75-7EDCC2EB8AAA}.MinSizeRel|x64.ActiveCfg = MinSizeRel|x64
		{76BE140F-C6E6-3BB7-AC75-7EDCC2EB8AAA}.RelWithDebInfo|x64.ActiveCfg = RelWithDebInfo|x64
		{E0D84FD2-7E9F-3E08-BC4A-B3ADA07C3114}.Debug|x64.ActiveCfg = Debug|x64
		{E0D84FD2-7E9F-3E08-BC4A-B3ADA07C3114}.Release|x64.ActiveCfg = Release|x64
		{E0D84FD2-7E9F-3E08-BC4A-B3ADA07C3114}.MinSizeRel|x64.ActiveCfg = MinSizeRel|x64
		{E0D84FD2-7E9F-3E08-BC4A-B3ADA07C3114}.RelWithDebInfo|x64.ActiveCfg = RelWithDebInfo|x64
		{5854454A-A5DF-372C-AFE0-FB4769D17B78}.Debug|x64.ActiveCfg = Debug|x64
		{5854454A-A5DF-372C-AFE0-FB4769D17B78}.Release|x64.ActiveCfg = Release|x64
		{5854454A-A5DF-372C-AFE0-FB4769D17B78}.MinSizeRel|x64.ActiveCfg = MinSizeRel|x64
		{5854454A-A5DF-372C-AFE0-FB4769D17B78}.RelWithDebInfo|x64.ActiveCfg = RelWithDebInfo|x64
		{68BD0ACC-7F47-31F3-BC99-3631252F1558}.Debug|x64.ActiveCfg = Debug|x64
		{68BD0ACC-7F47-31F3-BC99-3631252F1558}.Debug|x64.Build.0 = Debug|x64
		{68BD0ACC-7F47-31F3-BC99-3631252F1558}.Release|x64.ActiveCfg = Release|x64
		{68BD0ACC-7F47-31F3-BC99-3631252F1558}.Release|x64.Build.0 = Release|x64
		{68BD0ACC-7F47-31F3-BC99-3631252F1558}.MinSizeRel|x64.ActiveCfg = MinSizeRel|x64
		{68BD0ACC-7F47-31F3-BC99-3631252F1558}.MinSizeRel|x64.Build.0 = MinSizeRel|x64
		{68BD0ACC-7F47-31F3-BC99-3631252F1558}.RelWithDebInfo|x64.ActiveCfg = RelWithDebInfo|x64
		{68BD0ACC-7F47-31F3-BC99-3631252F1558}.RelWithDebInfo|x64.Build.0 = RelWithDebInfo|x64
		{CD84C3DF-6BD9-3DF3-A45B-8C51A5D67D37}.Debug|x64.ActiveCfg = Debug|x64
		{CD84C3DF-6BD9-3DF3-A45B-8C51A5D67D37}.Debug|x64.Build.0 = Debug|x64
		{CD84C3DF-6BD9-3DF3-A45B-8C51A5D67D37}.Release|x64.ActiveCfg = Release|x64
		{CD84C3DF-6BD9-3DF3-A45B-8C51A5D67D37}.Release|x64.Build.0 = Release|x64
		{CD84C3DF-6BD9-3DF3-A45B-8C51A5D67D37}.MinSizeRel|x64.ActiveCfg = MinSizeRel|x64
		{CD84C3DF-6BD9-3DF3-A45B-8C51A5D67D37}.MinSizeRel|x64.Build.0 = MinSizeRel|x64
		{CD84C3DF-6BD9-3DF3-A45B-8C51A5D67D37}.RelWithDebInfo|x64.ActiveCfg = RelWithDebInfo|x64
		{CD84C3DF-6BD9-3DF3-A45B-8C51A5D67D37}.RelWithDebInfo|x64.Build.0 = RelWithDebInfo|x64
		{C3DEE0AB-E7CC-3422-A872-3D38797C53FB}.Debug|x64.ActiveCfg = Debug|x64
		{C3DEE0AB-E7CC-3422-A872-3D38797C53FB}.Debug|x64.Build.0 = Debug|x64
		{C3DEE0AB-E7CC-3422-A872-3D38797C53FB}.Release|x64.ActiveCfg = Release|x64
		{C3DEE0AB-E7CC-3422-A872-3D38797C53FB}.Release|x64.Build.0 = Release|x64
		{C3DEE0AB-E7CC-3422-A872-3D38797C53FB}.MinSizeRel|x64.ActiveCfg = MinSizeRel|x64
		{C3DEE0AB-E7CC-3422-A872-3D38797C53FB}.MinSizeRel|x64.Build.0 = MinSizeRel|x64
		{C3DEE0AB-E7CC-3422-A872-3D38797C53FB}.RelWithDebInfo|x64.ActiveCfg = RelWithDebInfo|x64
		{C3DEE0AB-E7CC-3422-A872-3D38797C53FB}.RelWithDebInfo|x64.Build.0 = RelWithDebInfo|x64
		{DDAECAEF-9302-3D98-A7F9-A4F45F4675EB}.Debug|x64.ActiveCfg = Debug|x64
		{DDAECAEF-9302-3D98-A7F9-A4F45F4675EB}.Debug|x64.Build.0 = Debug|x64
		{DDAECAEF-9302-3D98-A7F9-A4F45F4675EB}.Release|x64.ActiveCfg = Release|x64
		{DDAECAEF-9302-3D98-A7F9-A4F45F4675EB}.Release|x64.Build.0 = Release|x64
		{DDAECAEF-9302-3D98-A7F9-A4F45F4675EB}.MinSizeRel|x64.ActiveCfg = MinSizeRel|x64
		{DDAECAEF-9302-3D98-A7F9-A4F45F4675EB}.MinSizeRel|x64.Build.0 = MinSizeRel|x64
		{DDAECAEF-9302-3D98-A7F9-A4F45F4675EB}.RelWithDebInfo|x64.ActiveCfg = RelWithDebInfo|x64
		{DDAECAEF-9302-3D98-A7F9-A4F45F4675EB}.RelWithDebInfo|x64.Build.0 = RelWithDebInfo|x64
		{F6840CCF-09E6-3EB4-8DAD-8BFF471B1F0F}.Debug|x64.ActiveCfg = Debug|x64
		{F6840CCF-09E6-3EB4-8DAD-8BFF471B1F0F}.Debug|x64.Build.0 = Debug|x64
		{F6840CCF-09E6-3EB4-8DAD-8BFF471B1F0F}.Release|x64.ActiveCfg = Release|x64
		{F6840CCF-09E6-3EB4-8DAD-8BFF471B1F0F}.Release|x64.Build.0 = Release|x64
		{F6840CCF-09E6-3EB4-8DAD-8BFF471B1F0F}.MinSizeRel|x64.ActiveCfg = MinSizeRel|x64
		{F6840CCF-09E6-3EB4-8DAD-8BFF471B1F0F}.MinSizeRel|x64.Build.0 = MinSizeRel|x64
		{F6840CCF-09E6-3EB4-8DAD-8BFF471B1F0F}.RelWithDebInfo|x64.ActiveCfg = RelWithDebInfo|x64
		{F6840CCF-09E6-3EB4-8DAD-8BFF471B1F0F}.RelWithDebInfo|x64.Build.0 = RelWithDebInfo|x64
	EndGlobalSection
	GlobalSection(ExtensibilityGlobals) = postSolution
		SolutionGuid = {46BFCF0B-417F-307A-BD81-6F4C0B032930}
	EndGlobalSection
	GlobalSection(ExtensibilityAddIns) = postSolution
	EndGlobalSection
EndGlobal
